
Microsoft Visual Studio Solution File, Format Version 12.00
# Visual Studio Version 17
VisualStudioVersion = 17.14.36221.1 d17.14
MinimumVisualStudioVersion = 10.0.40219.1
Project("{FAE04EC0-301F-11D3-BF4B-00C04F79EFBC}") = "MySleepHelperApp", "MySleepHelperApp.csproj", "{BDE3784A-55A2-42F5-81DA-DF8D0385EFE3}"
EndProject
Global
	GlobalSection(SolutionConfigurationPlatforms) = preSolution
		Debug|Any CPU = Debug|Any CPU
		Release|Any CPU = Release|Any CPU
	EndGlobalSection
	GlobalSection(ProjectConfigurationPlatforms) = postSolution
		{BDE3784A-55A2-42F5-81DA-DF8D0385EFE3}.Debug|Any CPU.ActiveCfg = Debug|Any CPU
		{BDE3784A-55A2-42F5-81DA-DF8D0385EFE3}.Debug|Any CPU.Build.0 = Debug|Any CPU
		{BDE3784A-55A2-42F5-81DA-DF8D0385EFE3}.Release|Any CPU.ActiveCfg = Release|Any CPU
		{BDE3784A-55A2-42F5-81DA-DF8D0385EFE3}.Release|Any CPU.Build.0 = Release|Any CPU
	EndGlobalSection
	GlobalSection(SolutionProperties) = preSolution
		HideSolutionNode = FALSE
	EndGlobalSection
	GlobalSection(ExtensibilityGlobals) = postSolution
		SolutionGuid = {F0D03A81-EA8C-4584-80CA-CF12E9DF4EDA}
	EndGlobalSection
EndGlobal
